// !$*UTF8*$!
{
	archiveVersion = 1;
	classes = {
	};
	objectVersion = 46;
	objects = {

/* Begin PBXBuildFile section */
		559704FD1C775B4800BC68E9 /* main.m in Sources */ = {isa = PBXBuildFile; fileRef = 559704FC1C775B4800BC68E9 /* main.m */; };
		559705001C775B4800BC68E9 /* AppDelegate.m in Sources */ = {isa = PBXBuildFile; fileRef = 559704FF1C775B4800BC68E9 /* AppDelegate.m */; };
		559705031C775B4800BC68E9 /* FirstViewController.m in Sources */ = {isa = PBXBuildFile; fileRef = 559705021C775B4800BC68E9 /* FirstViewController.m */; };
		559705061C775B4800BC68E9 /* SecondViewController.m in Sources */ = {isa = PBXBuildFile; fileRef = 559705051C775B4800BC68E9 /* SecondViewController.m */; };
		559705091C775B4800BC68E9 /* Main.storyboard in Resources */ = {isa = PBXBuildFile; fileRef = 559705071C775B4800BC68E9 /* Main.storyboard */; };
		5597050B1C775B4800BC68E9 /* Assets.xcassets in Resources */ = {isa = PBXBuildFile; fileRef = 5597050A1C775B4800BC68E9 /* Assets.xcassets */; };
		5597050E1C775B4800BC68E9 /* LaunchScreen.storyboard in Resources */ = {isa = PBXBuildFile; fileRef = 5597050C1C775B4800BC68E9 /* LaunchScreen.storyboard */; };
/* End PBXBuildFile section */

/* Begin PBXFileReference section */
		559704F81C775B4800BC68E9 /* ControlSystems.app */ = {isa = PBXFileReference; explicitFileType = wrapper.application; includeInIndex = 0; path = ControlSystems.app; sourceTree = BUILT_PRODUCTS_DIR; };
		559704FC1C775B4800BC68E9 /* main.m */ = {isa = PBXFileReference; lastKnownFileType = sourcecode.c.objc; path = main.m; sourceTree = "<group>"; };
		559704FE1C775B4800BC68E9 /* AppDelegate.h */ = {isa = PBXFileReference; lastKnownFileType = sourcecode.c.h; path = AppDelegate.h; sourceTree = "<group>"; };
		559704FF1C775B4800BC68E9 /* AppDelegate.m */ = {isa = PBXFileReference; lastKnownFileType = sourcecode.c.objc; path = AppDelegate.m; sourceTree = "<group>"; };
		559705011C775B4800BC68E9 /* FirstViewController.h */ = {isa = PBXFileReference; lastKnownFileType = sourcecode.c.h; path = FirstViewController.h; sourceTree = "<group>"; };
		559705021C775B4800BC68E9 /* FirstViewController.m */ = {isa = PBXFileReference; lastKnownFileType = sourcecode.c.objc; path = FirstViewController.m; sourceTree = "<group>"; };
		559705041C775B4800BC68E9 /* SecondViewController.h */ = {isa = PBXFileReference; lastKnownFileType = sourcecode.c.h; path = SecondViewController.h; sourceTree = "<group>"; };
		559705051C775B4800BC68E9 /* SecondViewController.m */ = {isa = PBXFileReference; lastKnownFileType = sourcecode.c.objc; path = SecondViewController.m; sourceTree = "<group>"; };
		559705081C775B4800BC68E9 /* Base */ = {isa = PBXFileReference; lastKnownFileType = file.storyboard; name = Base; path = Base.lproj/Main.storyboard; sourceTree = "<group>"; };
		5597050A1C775B4800BC68E9 /* Assets.xcassets */ = {isa = PBXFileReference; lastKnownFileType = folder.assetcatalog; path = Assets.xcassets; sourceTree = "<group>"; };
		5597050D1C775B4800BC68E9 /* Base */ = {isa = PBXFileReference; lastKnownFileType = file.storyboard; name = Base; path = Base.lproj/LaunchScreen.storyboard; sourceTree = "<group>"; };
		5597050F1C775B4800BC68E9 /* Info.plist */ = {isa = PBXFileReference; lastKnownFileType = text.plist.xml; path = Info.plist; sourceTree = "<group>"; };
/* End PBXFileReference section */

/* Begin PBXFrameworksBuildPhase section */
		559704F51C775B4800BC68E9 /* Frameworks */ = {
			isa = PBXFrameworksBuildPhase;
			buildActionMask = 2147483647;
			files = (
			);
			runOnlyForDeploymentPostprocessing = 0;
		};
/* End PBXFrameworksBuildPhase section */

/* Begin PBXGroup section */
		559704EF1C775B4800BC68E9 = {
			isa = PBXGroup;
			children = (
				559704FA1C775B4800BC68E9 /* ControlSystems */,
				559704F91C775B4800BC68E9 /* Products */,
			);
			sourceTree = "<group>";
		};
		559704F91C775B4800BC68E9 /* Products */ = {
			isa = PBXGroup;
			children = (
				559704F81C775B4800BC68E9 /* ControlSystems.app */,
			);
			name = Products;
			sourceTree = "<group>";
		};
		559704FA1C775B4800BC68E9 /* ControlSystems */ = {
			isa = PBXGroup;
			children = (
				559704FE1C775B4800BC68E9 /* AppDelegate.h */,
				559704FF1C775B4800BC68E9 /* AppDelegate.m */,
				559705011C775B4800BC68E9 /* FirstViewController.h */,
				559705021C775B4800BC68E9 /* FirstViewController.m */,
				559705041C775B4800BC68E9 /* SecondViewController.h */,
				559705051C775B4800BC68E9 /* SecondViewController.m */,
				559705071C775B4800BC68E9 /* Main.storyboard */,
				5597050A1C775B4800BC68E9 /* Assets.xcassets */,
				5597050C1C775B4800BC68E9 /* LaunchScreen.storyboard */,
				5597050F1C775B4800BC68E9 /* Info.plist */,
				559704FB1C775B4800BC68E9 /* Supporting Files */,
			);
			path = ControlSystems;
			sourceTree = "<group>";
		};
		559704FB1C775B4800BC68E9 /* Supporting Files */ = {
			isa = PBXGroup;
			children = (
				559704FC1C775B4800BC68E9 /* main.m */,
			);
			name = "Supporting Files";
			sourceTree = "<group>";
		};
/* End PBXGroup section */

/* Begin PBXNativeTarget section */
		559704F71C775B4800BC68E9 /* ControlSystems */ = {
			isa = PBXNativeTarget;
			buildConfigurationList = 559705121C775B4800BC68E9 /* Build configuration list for PBXNativeTarget "ControlSystems" */;
			buildPhases = (
				559704F41C775B4800BC68E9 /* Sources */,
				559704F51C775B4800BC68E9 /* Frameworks */,
				559704F61C775B4800BC68E9 /* Resources */,
			);
			buildRules = (
			);
			dependencies = (
			);
			name = ControlSystems;
			productName = ControlSystems;
			productReference = 559704F81C775B4800BC68E9 /* ControlSystems.app */;
			productType = "com.apple.product-type.application";
		};
/* End PBXNativeTarget section */

/* Begin PBXProject section */
		559704F01C775B4800BC68E9 /* Project object */ = {
			isa = PBXProject;
			attributes = {
				LastUpgradeCheck = 0720;
				ORGANIZATIONNAME = Andrey;
				TargetAttributes = {
					559704F71C775B4800BC68E9 = {
						CreatedOnToolsVersion = 7.2.1;
					};
				};
			};
			buildConfigurationList = 559704F31C775B4800BC68E9 /* Build configuration list for PBXProject "ControlSystems" */;
			compatibilityVersion = "Xcode 3.2";
			developmentRegion = English;
			hasScannedForEncodings = 0;
			knownRegions = (
				en,
				Base,
			);
			mainGroup = 559704EF1C775B4800BC68E9;
			productRefGroup = 559704F91C775B4800BC68E9 /* Products */;
			projectDirPath = "";
			projectRoot = "";
			targets = (
				559704F71C775B4800BC68E9 /* ControlSystems */,
			);
		};
/* End PBXProject section */

/* Begin PBXResourcesBuildPhase section */
		559704F61C775B4800BC68E9 /* Resources */ = {
			isa = PBXResourcesBuildPhase;
			buildActionMask = 2147483647;
			files = (
				5597050E1C775B4800BC68E9 /* LaunchScreen.storyboard in Resources */,
				5597050B1C775B4800BC68E9 /* Assets.xcassets in Resources */,
				559705091C775B4800BC68E9 /* Main.storyboard in Resources */,
			);
			runOnlyForDeploymentPostprocessing = 0;
		};
/* End PBXResourcesBuildPhase section */

/* Begin PBXSourcesBuildPhase section */
		559704F41C775B4800BC68E9 /* Sources */ = {
			isa = PBXSourcesBuildPhase;
			buildActionMask = 2147483647;
			files = (
				559705061C775B4800BC68E9 /* SecondViewController.m in Sources */,
				559705001C775B4800BC68E9 /* AppDelegate.m in Sources */,
				559705031C775B4800BC68E9 /* FirstViewController.m in Sources */,
				559704FD1C775B4800BC68E9 /* main.m in Sources */,
			);
			runOnlyForDeploymentPostprocessing = 0;
		};
/* End PBXSourcesBuildPhase section */

/* Begin PBXVariantGroup section */
		559705071C775B4800BC68E9 /* Main.storyboard */ = {
			isa = PBXVariantGroup;
			children = (
				559705081C775B4800BC68E9 /* Base */,
			);
			name = Main.storyboard;
			sourceTree = "<group>";
		};
		5597050C1C775B4800BC68E9 /* LaunchScreen.storyboard */ = {
			isa = PBXVariantGroup;
			children = (
				5597050D1C775B4800BC68E9 /* Base */,
			);
			name = LaunchScreen.storyboard;
			sourceTree = "<group>";
		};
/* End PBXVariantGroup section */

/* Begin XCBuildConfiguration section */
		559705101C775B4800BC68E9 /* Debug */ = {
			isa = XCBuildConfiguration;
			buildSettings = {
				ALWAYS_SEARCH_USER_PATHS = NO;
				CLANG_CXX_LANGUAGE_STANDARD = "gnu++0x";
				CLANG_CXX_LIBRARY = "libc++";
				CLANG_ENABLE_MODULES = YES;
				CLANG_ENABLE_OBJC_ARC = YES;
				CLANG_WARN_BOOL_CONVERSION = YES;
				CLANG_WARN_CONSTANT_CONVERSION = YES;
				CLANG_WARN_DIRECT_OBJC_ISA_USAGE = YES_ERROR;
				CLANG_WARN_EMPTY_BODY = YES;
				CLANG_WARN_ENUM_CONVERSION = YES;
				CLANG_WARN_INT_CONVERSION = YES;
				CLANG_WARN_OBJC_ROOT_CLASS = YES_ERROR;
				CLANG_WARN_UNREACHABLE_CODE = YES;
				CLANG_WARN__DUPLICATE_METHOD_MATCH = YES;
				"CODE_SIGN_IDENTITY[sdk=iphoneos*]" = "iPhone Developer";
				COPY_PHASE_STRIP = NO;
				DEBUG_INFORMATION_FORMAT = dwarf;
				ENABLE_STRICT_OBJC_MSGSEND = YES;
				ENABLE_TESTABILITY = YES;
				GCC_C_LANGUAGE_STANDARD = gnu99;
				GCC_DYNAMIC_NO_PIC = NO;
				GCC_NO_COMMON_BLOCKS = YES;
				GCC_OPTIMIZATION_LEVEL = 0;
				GCC_PREPROCESSOR_DEFINITIONS = (
					"DEBUG=1",
					"$(inherited)",
				);
				GCC_WARN_64_TO_32_BIT_CONVERSION = YES;
				GCC_WARN_ABOUT_RETURN_TYPE = YES_ERROR;
				GCC_WARN_UNDECLARED_SELECTOR = YES;
				GCC_WARN_UNINITIALIZED_AUTOS = YES_AGGRESSIVE;
				GCC_WARN_UNUSED_FUNCTION = YES;
				GCC_WARN_UNUSED_VARIABLE = YES;
				IPHONEOS_DEPLOYMENT_TARGET = 9.2;
				MTL_ENABLE_DEBUG_INFO = YES;
				ONLY_ACTIVE_ARCH = YES;
				SDKROOT = iphoneos;
				TARGETED_DEVICE_FAMILY = "1,2";
			};
			name = Debug;
		};
		559705111C775B4800BC68E9 /* Release */ = {
			isa = XCBuildConfiguration;
			buildSettings = {
				ALWAYS_SEARCH_USER_PATHS = NO;
				CLANG_CXX_LANGUAGE_STANDARD = "gnu++0x";
				CLANG_CXX_LIBRARY = "libc++";
				CLANG_ENABLE_MODULES = YES;
				CLANG_ENABLE_OBJC_ARC = YES;
				CLANG_WARN_BOOL_CONVERSION = YES;
				CLANG_WARN_CONSTANT_CONVERSION = YES;
				CLANG_WARN_DIRECT_OBJC_ISA_USAGE = YES_ERROR;
				CLANG_WARN_EMPTY_BODY = YES;
				CLANG_WARN_ENUM_CONVERSION = YES;
				CLANG_WARN_INT_CONVERSION = YES;
				CLANG_WARN_OBJC_ROOT_CLASS = YES_ERROR;
				CLANG_WARN_UNREACHABLE_CODE = YES;
				CLANG_WARN__DUPLICATE_METHOD_MATCH = YES;
				"CODE_SIGN_IDENTITY[sdk=iphoneos*]" = "iPhone Developer";
				COPY_PHASE_STRIP = NO;
				DEBUG_INFORMATION_FORMAT = "dwarf-with-dsym";
				ENABLE_NS_ASSERTIONS = NO;
				ENABLE_STRICT_OBJC_MSGSEND = YES;
				GCC_C_LANGUAGE_STANDARD = gnu99;
				GCC_NO_COMMON_BLOCKS = YES;
				GCC_WARN_64_TO_32_BIT_CONVERSION = YES;
				GCC_WARN_ABOUT_RETURN_TYPE = YES_ERROR;
				GCC_WARN_UNDECLARED_SELECTOR = YES;
				GCC_WARN_UNINITIALIZED_AUTOS = YES_AGGRESSIVE;
				GCC_WARN_UNUSED_FUNCTION = YES;
				GCC_WARN_UNUSED_VARIABLE = YES;
				IPHONEOS_DEPLOYMENT_TARGET = 9.2;
				MTL_ENABLE_DEBUG_INFO = NO;
				SDKROOT = iphoneos;
				TARGETED_DEVICE_FAMILY = "1,2";
				VALIDATE_PRODUCT = YES;
			};
			name = Release;
		};
		559705131C775B4800BC68E9 /* Debug */ = {
			isa = XCBuildConfiguration;
			buildSettings = {
				ASSETCATALOG_COMPILER_APPICON_NAME = AppIcon;
				INFOPLIST_FILE = ControlSystems/Info.plist;
				LD_RUNPATH_SEARCH_PATHS = "$(inherited) @executable_path/Frameworks";
				PRODUCT_BUNDLE_IDENTIFIER = andreyb.com.ControlSystems;
				PRODUCT_NAME = "$(TARGET_NAME)";
			};
			name = Debug;
		};
		559705141C775B4800BC68E9 /* Release */ = {
			isa = XCBuildConfiguration;
			buildSettings = {
				ASSETCATALOG_COMPILER_APPICON_NAME = AppIcon;
				INFOPLIST_FILE = ControlSystems/Info.plist;
				LD_RUNPATH_SEARCH_PATHS = "$(inherited) @executable_path/Frameworks";
				PRODUCT_BUNDLE_IDENTIFIER = andreyb.com.ControlSystems;
				PRODUCT_NAME = "$(TARGET_NAME)";
			};
			name = Release;
		};
/* End XCBuildConfiguration section */

/* Begin XCConfigurationList section */
		559704F31C775B4800BC68E9 /* Build configuration list for PBXProject "ControlSystems" */ = {
			isa = XCConfigurationList;
			buildConfigurations = (
				559705101C775B4800BC68E9 /* Debug */,
				559705111C775B4800BC68E9 /* Release */,
			);
			defaultConfigurationIsVisible = 0;
			defaultConfigurationName = Release;
		};
		559705121C775B4800BC68E9 /* Build configuration list for PBXNativeTarget "ControlSystems" */ = {
			isa = XCConfigurationList;
			buildConfigurations = (
				559705131C775B4800BC68E9 /* Debug */,
				559705141C775B4800BC68E9 /* Release */,
			);
			defaultConfigurationIsVisible = 0;
		};
/* End XCConfigurationList section */
	};
	rootObject = 559704F01C775B4800BC68E9 /* Project object */;
}
